
Microsoft Visual Studio Solution File, Format Version 12.00
# Visual Studio Version 16
VisualStudioVersion = 16.0.31205.134
MinimumVisualStudioVersion = 10.0.40219.1
Project("{FAE04EC0-301F-11D3-BF4B-00C04F79EFBC}") = "Donuts", "Donuts\Donuts.csproj", "{1281DD18-BEEC-45E4-BFB0-1E23E589BC03}"
EndProject
Global
	GlobalSection(SolutionConfigurationPlatforms) = preSolution
		Debug|Any CPU = Debug|Any CPU
		Release|Any CPU = Release|Any CPU
	EndGlobalSection
	GlobalSection(ProjectConfigurationPlatforms) = postSolution
		{1281DD18-BEEC-45E4-BFB0-1E23E589BC03}.Debug|Any CPU.ActiveCfg = Debug|Any CPU
		{1281DD18-BEEC-45E4-BFB0-1E23E589BC03}.Debug|Any CPU.Build.0 = Debug|Any CPU
		{1281DD18-BEEC-45E4-BFB0-1E23E589BC03}.Release|Any CPU.ActiveCfg = Release|Any CPU
		{1281DD18-BEEC-45E4-BFB0-1E23E589BC03}.Release|Any CPU.Build.0 = Release|Any CPU
	EndGlobalSection
	GlobalSection(SolutionProperties) = preSolution
		HideSolutionNode = FALSE
	EndGlobalSection
	GlobalSection(ExtensibilityGlobals) = postSolution
		SolutionGuid = {56A9127D-231C-4661-AD3A-836C97266FF9}
	EndGlobalSection
EndGlobal
